
Microsoft Visual Studio Solution File, Format Version 12.00
# Visual Studio Version 17
VisualStudioVersion = 17.5.33530.505
MinimumVisualStudioVersion = 10.0.40219.1
Project("{FAE04EC0-301F-11D3-BF4B-00C04F79EFBC}") = "ProcessNorthwindDB_KellyHumphrey", "ProcessNorthwindDB_KellyHumphrey\ProcessNorthwindDB_KellyHumphrey.csproj", "{781E3A6C-67A1-4C8A-92E7-DCBD4D6C46B5}"
EndProject
Global
	GlobalSection(SolutionConfigurationPlatforms) = preSolution
		Debug|Any CPU = Debug|Any CPU
		Release|Any CPU = Release|Any CPU
	EndGlobalSection
	GlobalSection(ProjectConfigurationPlatforms) = postSolution
		{781E3A6C-67A1-4C8A-92E7-DCBD4D6C46B5}.Debug|Any CPU.ActiveCfg = Debug|Any CPU
		{781E3A6C-67A1-4C8A-92E7-DCBD4D6C46B5}.Debug|Any CPU.Build.0 = Debug|Any CPU
		{781E3A6C-67A1-4C8A-92E7-DCBD4D6C46B5}.Release|Any CPU.ActiveCfg = Release|Any CPU
		{781E3A6C-67A1-4C8A-92E7-DCBD4D6C46B5}.Release|Any CPU.Build.0 = Release|Any CPU
	EndGlobalSection
	GlobalSection(SolutionProperties) = preSolution
		HideSolutionNode = FALSE
	EndGlobalSection
	GlobalSection(ExtensibilityGlobals) = postSolution
		SolutionGuid = {76CBDC06-5970-4258-ADA1-98A651A183BA}
	EndGlobalSection
EndGlobal
