
Microsoft Visual Studio Solution File, Format Version 12.00
# Visual Studio Version 17
VisualStudioVersion = 17.5.33530.505
MinimumVisualStudioVersion = 10.0.40219.1
Project("{E24C65DC-7377-472B-9ABA-BC803B73C61A}") = "GatesWebSite_KellyHumphrey", "GatesWebSite_KellyHumphrey\", "{8DB52243-BB16-422D-BBC7-0E052F143DE3}"
	ProjectSection(WebsiteProperties) = preProject
		TargetFrameworkMoniker = ".NETFramework,Version%3Dv4.7.2"
		Debug.AspNetCompiler.VirtualPath = "/localhost_53758"
		Debug.AspNetCompiler.PhysicalPath = "GatesWebSite_KellyHumphrey\"
		Debug.AspNetCompiler.TargetPath = "PrecompiledWeb\localhost_53758\"
		Debug.AspNetCompiler.Updateable = "true"
		Debug.AspNetCompiler.ForceOverwrite = "true"
		Debug.AspNetCompiler.FixedNames = "false"
		Debug.AspNetCompiler.Debug = "True"
		Release.AspNetCompiler.VirtualPath = "/localhost_53758"
		Release.AspNetCompiler.PhysicalPath = "GatesWebSite_KellyHumphrey\"
		Release.AspNetCompiler.TargetPath = "PrecompiledWeb\localhost_53758\"
		Release.AspNetCompiler.Updateable = "true"
		Release.AspNetCompiler.ForceOverwrite = "true"
		Release.AspNetCompiler.FixedNames = "false"
		Release.AspNetCompiler.Debug = "False"
		VWDPort = "53758"
		SlnRelativePath = "GatesWebSite_KellyHumphrey\"
		DefaultWebSiteLanguage = "Visual C#"
	EndProjectSection
EndProject
Global
	GlobalSection(SolutionConfigurationPlatforms) = preSolution
		Debug|Any CPU = Debug|Any CPU
	EndGlobalSection
	GlobalSection(ProjectConfigurationPlatforms) = postSolution
		{8DB52243-BB16-422D-BBC7-0E052F143DE3}.Debug|Any CPU.ActiveCfg = Debug|Any CPU
		{8DB52243-BB16-422D-BBC7-0E052F143DE3}.Debug|Any CPU.Build.0 = Debug|Any CPU
	EndGlobalSection
	GlobalSection(SolutionProperties) = preSolution
		HideSolutionNode = FALSE
	EndGlobalSection
	GlobalSection(ExtensibilityGlobals) = postSolution
		SolutionGuid = {0D00B088-4F67-4AF9-B71A-01AEA9F1B33F}
	EndGlobalSection
EndGlobal
