
Microsoft Visual Studio Solution File, Format Version 12.00
# Visual Studio Version 17
VisualStudioVersion = 17.5.33530.505
MinimumVisualStudioVersion = 10.0.40219.1
Project("{FAE04EC0-301F-11D3-BF4B-00C04F79EFBC}") = "UseCustomAttribute_KellyHumphrey", "UseCustomAttribute_KellyHumphrey\UseCustomAttribute_KellyHumphrey.csproj", "{2651AFCB-5C3C-43B4-A3E3-B831A36C8322}"
EndProject
Global
	GlobalSection(SolutionConfigurationPlatforms) = preSolution
		Debug|Any CPU = Debug|Any CPU
		Release|Any CPU = Release|Any CPU
	EndGlobalSection
	GlobalSection(ProjectConfigurationPlatforms) = postSolution
		{2651AFCB-5C3C-43B4-A3E3-B831A36C8322}.Debug|Any CPU.ActiveCfg = Debug|Any CPU
		{2651AFCB-5C3C-43B4-A3E3-B831A36C8322}.Debug|Any CPU.Build.0 = Debug|Any CPU
		{2651AFCB-5C3C-43B4-A3E3-B831A36C8322}.Release|Any CPU.ActiveCfg = Release|Any CPU
		{2651AFCB-5C3C-43B4-A3E3-B831A36C8322}.Release|Any CPU.Build.0 = Release|Any CPU
	EndGlobalSection
	GlobalSection(SolutionProperties) = preSolution
		HideSolutionNode = FALSE
	EndGlobalSection
	GlobalSection(ExtensibilityGlobals) = postSolution
		SolutionGuid = {1231CAFD-C397-470F-BB7C-A24F0C139EFC}
	EndGlobalSection
EndGlobal
